<?xml version="1.0" encoding="utf-8"?>
<Project ToolsVersion="4.0" xmlns="http://schemas.microsoft.com/developer/msbuild/2003">
  <ItemGroup>
    <Filter Include="Source Files">
      <UniqueIdentifier>{4FC737F1-C7A5-4376-A066-2A32D752A2FF}</UniqueIdentifier>
      <Extensions>cpp;c;cxx;def;odl;idl;hpj;bat;asm;asmx</Extensions>
    </Filter>
    <Filter Include="Source Files\onig">
      <UniqueIdentifier>{20bc7f20-03fa-426c-986c-430876a440fa}</UniqueIdentifier>
    </Filter>
    <Filter Include="Source Files\onig\enc">
      <UniqueIdentifier>{00086715-2661-4e6c-ba95-fde473dc8b72}</UniqueIdentifier>
    </Filter>
    <Filter Include="Source Files\bindings">
      <UniqueIdentifier>{bc36b322-0acc-4a93-884c-4c75cc6b1078}</UniqueIdentifier>
    </Filter>
    <Filter Include="Source Files\bindings\default">
      <UniqueIdentifier>{3f831e7c-e010-48d4-ad8a-a8abef2de41e}</UniqueIdentifier>
    </Filter>
    <Filter Include="Source Files\bindings\flash">
      <UniqueIdentifier>{ee403d47-9670-430e-b8d8-cb267d06a5a7}</UniqueIdentifier>
    </Filter>
    <Filter Include="Source Files\bindings\java">
      <UniqueIdentifier>{ce0d6941-8d02-4b19-920a-3fec54ccfab0}</UniqueIdentifier>
    </Filter>
    <Filter Include="Source Files\bindings\android">
      <UniqueIdentifier>{0d6bd5e2-02d0-4386-a742-f45849b9650b}</UniqueIdentifier>
    </Filter>
    <Filter Include="Header Files">
      <UniqueIdentifier>{93995380-89BD-4b04-88EB-625FBE52EBFB}</UniqueIdentifier>
      <Extensions>h;hpp;hxx;hm;inl;inc;xsd</Extensions>
    </Filter>
    <Filter Include="Header Files\onig">
      <UniqueIdentifier>{9e3b5fcb-8313-4fb6-b979-5a20453e8cee}</UniqueIdentifier>
    </Filter>
    <Filter Include="Header Files\bindings">
      <UniqueIdentifier>{421d36b2-3e18-4601-b1fd-eb81eb3d8034}</UniqueIdentifier>
    </Filter>
    <Filter Include="Header Files\bindings\default">
      <UniqueIdentifier>{ba3f7282-b81d-4119-9d37-93de6e54b5f9}</UniqueIdentifier>
    </Filter>
    <Filter Include="Header Files\bindings\flash">
      <UniqueIdentifier>{89200493-d93b-415d-9eab-2c577e4a8fef}</UniqueIdentifier>
    </Filter>
    <Filter Include="Header Files\bindings\java">
      <UniqueIdentifier>{22c4c69c-ed14-480c-9a82-60d1fc1d6055}</UniqueIdentifier>
    </Filter>
    <Filter Include="Header Files\bindings\android">
      <UniqueIdentifier>{ae382a7e-b5b5-4ecd-afb6-2380f3f4620f}</UniqueIdentifier>
    </Filter>
    <Filter Include="Resource Files">
      <UniqueIdentifier>{67DA6AB6-F800-4c08-8B7A-83BB121AAD01}</UniqueIdentifier>
      <Extensions>rc;ico;cur;bmp;dlg;rc2;rct;bin;rgs;gif;jpg;jpeg;jpe;resx</Extensions>
    </Filter>
  </ItemGroup>
  <ItemGroup>
    <ClCompile Include="actions.c">
      <Filter>Source Files</Filter>
    </ClCompile>
    <ClCompile Include="callbacks.c">
      <Filter>Source Files</Filter>
    </ClCompile>
    <ClCompile Include="codetools.c">
      <Filter>Source Files</Filter>
    </ClCompile>
    <ClCompile Include="coding.c">
      <Filter>Source Files</Filter>
    </ClCompile>
    <ClCompile Include="common.c">
      <Filter>Source Files</Filter>
    </ClCompile>
    <ClCompile Include="errors.c">
      <Filter>Source Files</Filter>
    </ClCompile>
    <ClCompile Include="game.c">
      <Filter>Source Files</Filter>
    </ClCompile>
    <ClCompile Include="locations.c">
      <Filter>Source Files</Filter>
    </ClCompile>
    <ClCompile Include="mathops.c">
      <Filter>Source Files</Filter>
    </ClCompile>
    <ClCompile Include="memwatch.c">
      <Filter>Source Files</Filter>
    </ClCompile>
    <ClCompile Include="menu.c">
      <Filter>Source Files</Filter>
    </ClCompile>
    <ClCompile Include="objects.c">
      <Filter>Source Files</Filter>
    </ClCompile>
    <ClCompile Include="playlist.c">
      <Filter>Source Files</Filter>
    </ClCompile>
    <ClCompile Include="regexp.c">
      <Filter>Source Files</Filter>
    </ClCompile>
    <ClCompile Include="statements.c">
      <Filter>Source Files</Filter>
    </ClCompile>
    <ClCompile Include="text.c">
      <Filter>Source Files</Filter>
    </ClCompile>
    <ClCompile Include="time.c">
      <Filter>Source Files</Filter>
    </ClCompile>
    <ClCompile Include="towlower.c">
      <Filter>Source Files</Filter>
    </ClCompile>
    <ClCompile Include="towupper.c">
      <Filter>Source Files</Filter>
    </ClCompile>
    <ClCompile Include="variables.c">
      <Filter>Source Files</Filter>
    </ClCompile>
    <ClCompile Include="variant.c">
      <Filter>Source Files</Filter>
    </ClCompile>
    <ClCompile Include="onig\regcomp.c">
      <Filter>Source Files</Filter>
    </ClCompile>
    <ClCompile Include="onig\regenc.c">
      <Filter>Source Files</Filter>
    </ClCompile>
    <ClCompile Include="onig\regerror.c">
      <Filter>Source Files</Filter>
    </ClCompile>
    <ClCompile Include="onig\regexec.c">
      <Filter>Source Files</Filter>
    </ClCompile>
    <ClCompile Include="onig\regparse.c">
      <Filter>Source Files</Filter>
    </ClCompile>
    <ClCompile Include="onig\regsyntax.c">
      <Filter>Source Files</Filter>
    </ClCompile>
    <ClCompile Include="onig\regtrav.c">
      <Filter>Source Files</Filter>
    </ClCompile>
    <ClCompile Include="onig\regversion.c">
      <Filter>Source Files</Filter>
    </ClCompile>
    <ClCompile Include="onig\st.c">
      <Filter>Source Files</Filter>
    </ClCompile>
    <ClCompile Include="onig\enc\ascii.c">
      <Filter>Source Files</Filter>
    </ClCompile>
    <ClCompile Include="onig\enc\cp1251.c">
      <Filter>Source Files</Filter>
    </ClCompile>
    <ClCompile Include="onig\enc\koi8_r.c">
      <Filter>Source Files</Filter>
    </ClCompile>
    <ClCompile Include="onig\enc\unicode.c">
      <Filter>Source Files</Filter>
    </ClCompile>
    <ClCompile Include="onig\enc\utf16_be.c">
      <Filter>Source Files</Filter>
    </ClCompile>
    <ClCompile Include="onig\enc\utf16_le.c">
      <Filter>Source Files</Filter>
    </ClCompile>
    <ClCompile Include="onig\enc\utf32_be.c">
      <Filter>Source Files</Filter>
    </ClCompile>
    <ClCompile Include="onig\enc\utf32_le.c">
      <Filter>Source Files</Filter>
    </ClCompile>
    <ClCompile Include="bindings\default\default_callbacks.c">
      <Filter>Source Files</Filter>
    </ClCompile>
    <ClCompile Include="bindings\default\default_coding.c">
      <Filter>Source Files</Filter>
    </ClCompile>
    <ClCompile Include="bindings\default\default_control.c">
      <Filter>Source Files</Filter>
    </ClCompile>
    <ClCompile Include="bindings\flash\flash_callbacks.c">
      <Filter>Source Files</Filter>
    </ClCompile>
    <ClCompile Include="bindings\flash\flash_coding.c">
      <Filter>Source Files</Filter>
    </ClCompile>
    <ClCompile Include="bindings\flash\flash_control.c">
      <Filter>Source Files</Filter>
    </ClCompile>
    <ClCompile Include="bindings\java\java_callbacks.c">
      <Filter>Source Files</Filter>
    </ClCompile>
    <ClCompile Include="bindings\java\java_coding.c">
      <Filter>Source Files</Filter>
    </ClCompile>
    <ClCompile Include="bindings\java\java_control.c">
      <Filter>Source Files</Filter>
    </ClCompile>
    <ClCompile Include="bindings\android\android_callbacks.c">
      <Filter>Source Files</Filter>
    </ClCompile>
    <ClCompile Include="bindings\android\android_coding.c">
      <Filter>Source Files</Filter>
    </ClCompile>
    <ClCompile Include="bindings\android\android_control.c">
      <Filter>Source Files</Filter>
    </ClCompile>
  </ItemGroup>
  <ItemGroup>
    <ClInclude Include="actions.h">
      <Filter>Header Files</Filter>
    </ClInclude>
    <ClInclude Include="callbacks.h">
      <Filter>Header Files</Filter>
    </ClInclude>
    <ClInclude Include="codetools.h">
      <Filter>Header Files</Filter>
    </ClInclude>
    <ClInclude Include="coding.h">
      <Filter>Header Files</Filter>
    </ClInclude>
    <ClInclude Include="common.h">
      <Filter>Header Files</Filter>
    </ClInclude>
    <ClInclude Include="declarations.h">
      <Filter>Header Files</Filter>
    </ClInclude>
    <ClInclude Include="errors.h">
      <Filter>Header Files</Filter>
    </ClInclude>
    <ClInclude Include="game.h">
      <Filter>Header Files</Filter>
    </ClInclude>
    <ClInclude Include="locations.h">
      <Filter>Header Files</Filter>
    </ClInclude>
    <ClInclude Include="mathops.h">
      <Filter>Header Files</Filter>
    </ClInclude>
    <ClInclude Include="memwatch.h">
      <Filter>Header Files</Filter>
    </ClInclude>
    <ClInclude Include="menu.h">
      <Filter>Header Files</Filter>
    </ClInclude>
    <ClInclude Include="objects.h">
      <Filter>Header Files</Filter>
    </ClInclude>
    <ClInclude Include="playlist.h">
      <Filter>Header Files</Filter>
    </ClInclude>
    <ClInclude Include="qsp.h">
      <Filter>Header Files</Filter>
    </ClInclude>
    <ClInclude Include="regexp.h">
      <Filter>Header Files</Filter>
    </ClInclude>
    <ClInclude Include="statements.h">
      <Filter>Header Files</Filter>
    </ClInclude>
    <ClInclude Include="text.h">
      <Filter>Header Files</Filter>
    </ClInclude>
    <ClInclude Include="time.h">
      <Filter>Header Files</Filter>
    </ClInclude>
    <ClInclude Include="variables.h">
      <Filter>Header Files</Filter>
    </ClInclude>
    <ClInclude Include="variant.h">
      <Filter>Header Files</Filter>
    </ClInclude>
    <ClInclude Include="onig\config.h">
      <Filter>Header Files</Filter>
    </ClInclude>
    <ClInclude Include="onig\oniguruma.h">
      <Filter>Header Files</Filter>
    </ClInclude>
    <ClInclude Include="onig\regenc.h">
      <Filter>Header Files</Filter>
    </ClInclude>
    <ClInclude Include="onig\regint.h">
      <Filter>Header Files</Filter>
    </ClInclude>
    <ClInclude Include="onig\regparse.h">
      <Filter>Header Files</Filter>
    </ClInclude>
    <ClInclude Include="onig\st.h">
      <Filter>Header Files</Filter>
    </ClInclude>
    <ClInclude Include="bindings\bindings_config.h">
      <Filter>Header Files</Filter>
    </ClInclude>
    <ClInclude Include="bindings\default\qsp_default.h">
      <Filter>Header Files</Filter>
    </ClInclude>
    <ClInclude Include="bindings\flash\flash.h">
      <Filter>Header Files</Filter>
    </ClInclude>
    <ClInclude Include="bindings\java\java.h">
      <Filter>Header Files</Filter>
    </ClInclude>
    <ClInclude Include="bindings\android\android.h">
      <Filter>Header Files</Filter>
    </ClInclude>
  </ItemGroup>
</Project>